
Microsoft Visual Studio Solution File, Format Version 12.00
# Visual Studio Version 16
VisualStudioVersion = 16.0.30114.105
MinimumVisualStudioVersion = 10.0.40219.1
Project("{FAE04EC0-301F-11D3-BF4B-00C04F79EFBC}") = "app.Shared", "app.Shared\app.Shared.csproj", "{61154538-A456-4DA4-8FA4-8BB8D4AE6C0A}"
EndProject
Project("{FAE04EC0-301F-11D3-BF4B-00C04F79EFBC}") = "app.Domain", "app.Domain\app.Domain.csproj", "{D3F93AA2-1EF4-433A-A101-37D87D87105B}"
EndProject
Project("{FAE04EC0-301F-11D3-BF4B-00C04F79EFBC}") = "app.Infra", "app.Infra\app.Infra.csproj", "{21FC0BA8-35AE-4D12-A2DB-4FE24ABA801C}"
EndProject
Global
	GlobalSection(SolutionConfigurationPlatforms) = preSolution
		Debug|Any CPU = Debug|Any CPU
		Release|Any CPU = Release|Any CPU
	EndGlobalSection
	GlobalSection(SolutionProperties) = preSolution
		HideSolutionNode = FALSE
	EndGlobalSection
	GlobalSection(ProjectConfigurationPlatforms) = postSolution
		{61154538-A456-4DA4-8FA4-8BB8D4AE6C0A}.Debug|Any CPU.ActiveCfg = Debug|Any CPU
		{61154538-A456-4DA4-8FA4-8BB8D4AE6C0A}.Debug|Any CPU.Build.0 = Debug|Any CPU
		{61154538-A456-4DA4-8FA4-8BB8D4AE6C0A}.Release|Any CPU.ActiveCfg = Release|Any CPU
		{61154538-A456-4DA4-8FA4-8BB8D4AE6C0A}.Release|Any CPU.Build.0 = Release|Any CPU
		{D3F93AA2-1EF4-433A-A101-37D87D87105B}.Debug|Any CPU.ActiveCfg = Debug|Any CPU
		{D3F93AA2-1EF4-433A-A101-37D87D87105B}.Debug|Any CPU.Build.0 = Debug|Any CPU
		{D3F93AA2-1EF4-433A-A101-37D87D87105B}.Release|Any CPU.ActiveCfg = Release|Any CPU
		{D3F93AA2-1EF4-433A-A101-37D87D87105B}.Release|Any CPU.Build.0 = Release|Any CPU
		{21FC0BA8-35AE-4D12-A2DB-4FE24ABA801C}.Debug|Any CPU.ActiveCfg = Debug|Any CPU
		{21FC0BA8-35AE-4D12-A2DB-4FE24ABA801C}.Debug|Any CPU.Build.0 = Debug|Any CPU
		{21FC0BA8-35AE-4D12-A2DB-4FE24ABA801C}.Release|Any CPU.ActiveCfg = Release|Any CPU
		{21FC0BA8-35AE-4D12-A2DB-4FE24ABA801C}.Release|Any CPU.Build.0 = Release|Any CPU
	EndGlobalSection
EndGlobal
